
Microsoft Visual Studio Solution File, Format Version 12.00
# Visual Studio Version 16
VisualStudioVersion = 16.0.30413.136
MinimumVisualStudioVersion = 10.0.40219.1
Project("{888888A0-9F3D-457C-B088-3A5042F75D52}") = "F29.Phen2Gene", "F29.Phen2Gene\F29.Phen2Gene.pyproj", "{1F6126A0-E5C7-45F4-B243-5769B4823CF6}"
EndProject
Project("{2150E333-8FDC-42A3-9474-1A3956D46DE8}") = "Solution Items", "Solution Items", "{CCE70C37-5B17-4F46-BB35-CB5EDA101956}"
	ProjectSection(SolutionItems) = preProject
		LICENSE = LICENSE
		README.md = README.md
	EndProjectSection
EndProject
Global
	GlobalSection(SolutionConfigurationPlatforms) = preSolution
		Debug|Any CPU = Debug|Any CPU
		Release|Any CPU = Release|Any CPU
	EndGlobalSection
	GlobalSection(ProjectConfigurationPlatforms) = postSolution
		{1F6126A0-E5C7-45F4-B243-5769B4823CF6}.Debug|Any CPU.ActiveCfg = Debug|Any CPU
		{1F6126A0-E5C7-45F4-B243-5769B4823CF6}.Release|Any CPU.ActiveCfg = Release|Any CPU
	EndGlobalSection
	GlobalSection(SolutionProperties) = preSolution
		HideSolutionNode = FALSE
	EndGlobalSection
	GlobalSection(ExtensibilityGlobals) = postSolution
		SolutionGuid = {28925941-120D-46AB-B96B-C20BC42F18EC}
	EndGlobalSection
EndGlobal
